
Microsoft Visual Studio Solution File, Format Version 12.00
# Visual Studio Version 16
VisualStudioVersion = 16.0.33927.289
MinimumVisualStudioVersion = 10.0.40219.1
Project("{2150E333-8FDC-42A3-9474-1A3956D46DE8}") = "Task0", "Task0", "{0A72E3A0-902F-4D6E-8CDD-57E81A335878}"
EndProject
Project("{FAE04EC0-301F-11D3-BF4B-00C04F79EFBC}") = "Tuyiu.ChalkovaE.M.Sprint1.Task0.V20", "Tuyiu.ChalkovaE.M.Sprint1.Task0.V20\Tuyiu.ChalkovaE.M.Sprint1.Task0.V20.csproj", "{3D2E7DB4-86A3-4F80-9713-3C9C6B3C3061}"
EndProject
Project("{FAE04EC0-301F-11D3-BF4B-00C04F79EFBC}") = "Tuyiu.ChalkovaE.M.Sprint1.Task0.V20.Lib", "Tuyiu.ChalkovaE.M.Sprint1.Task0.V20.Lib\Tuyiu.ChalkovaE.M.Sprint1.Task0.V20.Lib.csproj", "{EC7085CE-A3C4-470D-AB65-B13147F60157}"
EndProject
Project("{FAE04EC0-301F-11D3-BF4B-00C04F79EFBC}") = "Tuyiu.ChalkovaE.M.Sprint1.Task0.V20.Test", "Tuyiu.ChalkovaE.M.Sprint1.Task0.V20.Test\Tuyiu.ChalkovaE.M.Sprint1.Task0.V20.Test.csproj", "{205CA479-A227-4CAD-9412-CB50C7512E81}"
EndProject
Project("{2150E333-8FDC-42A3-9474-1A3956D46DE8}") = "Task1", "Task1", "{E3D95BDC-B2A2-4890-B0EC-D4066225546F}"
EndProject
Project("{FAE04EC0-301F-11D3-BF4B-00C04F79EFBC}") = "Tuyiu.ChalkovaE.M.Sprint1.Task1.V22", "Tuyiu.ChalkovaE.M.Sprint1.Task1.V22\Tuyiu.ChalkovaE.M.Sprint1.Task1.V22.csproj", "{D20F4839-81D2-491A-8364-304E0BA579AF}"
EndProject
Project("{FAE04EC0-301F-11D3-BF4B-00C04F79EFBC}") = "Tuyiu.ChalkovaE.M.Sprint1.Task1.V22.Lib", "Tuyiu.ChalkovaE.M.Sprint1.Task1.V22.Lib\Tuyiu.ChalkovaE.M.Sprint1.Task1.V22.Lib.csproj", "{AC086ADE-F0E8-49C0-BD47-613BDAA58A1A}"
EndProject
Project("{FAE04EC0-301F-11D3-BF4B-00C04F79EFBC}") = "Tuyiu.ChalkovaE.M.Sprint1.Task1.V22.Test", "Tuyiu.ChalkovaE.M.Sprint1.Task1.V22.Test\Tuyiu.ChalkovaE.M.Sprint1.Task1.V22.Test.csproj", "{FCBEA461-0E53-4983-8E2F-6292E82EF858}"
EndProject
Project("{2150E333-8FDC-42A3-9474-1A3956D46DE8}") = "Task2", "Task2", "{ABE09B40-C226-4A0F-A821-5749DF30FCD2}"
EndProject
Project("{FAE04EC0-301F-11D3-BF4B-00C04F79EFBC}") = "Tuyiu.ChalkovaE.M.Sprint1.Task2.V19", "Tuyiu.ChalkovaE.M.Sprint1.Task1.V19\Tuyiu.ChalkovaE.M.Sprint1.Task2.V19.csproj", "{86E608DF-512C-4A36-AA07-5D9CE253CC9D}"
EndProject
Project("{FAE04EC0-301F-11D3-BF4B-00C04F79EFBC}") = "Tuyiu.ChalkovaE.M.Sprint1.Task2.V19.Lib", "Tuyiu.ChalkovaE.M.Sprint1.Task1.V19.Lib\Tuyiu.ChalkovaE.M.Sprint1.Task2.V19.Lib.csproj", "{21821B0F-46F9-411A-89CC-0D40054CAB1A}"
EndProject
Project("{FAE04EC0-301F-11D3-BF4B-00C04F79EFBC}") = "Tuyiu.ChalkovaE.M.Sprint1.Task2.V19.Test", "Tuyiu.ChalkovaE.M.Sprint1.Task1.V19.Test\Tuyiu.ChalkovaE.M.Sprint1.Task2.V19.Test.csproj", "{5451D61F-7858-432A-8C07-BF30E7EC919B}"
EndProject
Project("{2150E333-8FDC-42A3-9474-1A3956D46DE8}") = "Task3", "Task3", "{1D9BA967-5106-4B22-BEDD-A2CAADF1CE0A}"
EndProject
Project("{FAE04EC0-301F-11D3-BF4B-00C04F79EFBC}") = "Tuyiu.ChalkovaE.M.Sprint1.Task3.V7", "Tuyiu.ChalkovaE.M.Sprint1.Task1.V7\Tuyiu.ChalkovaE.M.Sprint1.Task3.V7.csproj", "{AAF01F9A-B767-4A97-BF7C-D1A4FFCBDB7A}"
EndProject
Project("{FAE04EC0-301F-11D3-BF4B-00C04F79EFBC}") = "Tuyiu.ChalkovaE.M.Sprint1.Task3.V7.Lib", "Tuyiu.ChalkovaE.M.Sprint1.Task1.V7.Lib\Tuyiu.ChalkovaE.M.Sprint1.Task3.V7.Lib.csproj", "{955A199B-8166-466D-801B-A8EEA6C13A58}"
EndProject
Project("{FAE04EC0-301F-11D3-BF4B-00C04F79EFBC}") = "Tuyiu.ChalkovaE.M.Sprint1.Task3.V7.Test", "Tuyiu.ChalkovaE.M.Sprint1.Task1.V7.Test\Tuyiu.ChalkovaE.M.Sprint1.Task3.V7.Test.csproj", "{0AE74543-AB7A-44CA-852B-D09C1B1E0591}"
EndProject
Project("{2150E333-8FDC-42A3-9474-1A3956D46DE8}") = "Task4", "Task4", "{CF16EC22-5A68-4A91-BAD8-1E62AB1EE6FD}"
EndProject
Project("{FAE04EC0-301F-11D3-BF4B-00C04F79EFBC}") = "Tuyiu.ChalkovaE.M.Sprint1.Task4.V20.Test", "Tuyiu.ChalkovaE.M.Sprint1.Task4.V20.Test\Tuyiu.ChalkovaE.M.Sprint1.Task4.V20.Test.csproj", "{CE0AFCD2-3154-49AF-8AFD-2425A4471B3F}"
EndProject
Project("{FAE04EC0-301F-11D3-BF4B-00C04F79EFBC}") = "Tuyiu.ChalkovaE.M.Sprint1.Task4.V20.Lib", "Tuyiu.ChalkovaE.M.Sprint1.Task4.V20.Lib\Tuyiu.ChalkovaE.M.Sprint1.Task4.V20.Lib.csproj", "{94970E92-C599-4179-943C-EB3911F80EE9}"
EndProject
Project("{FAE04EC0-301F-11D3-BF4B-00C04F79EFBC}") = "Tuyiu.ChalkovaE.M.Sprint1.Task4.V20", "Tuyiu.ChalkovaE.M.Sprint1.Task4.V20\Tuyiu.ChalkovaE.M.Sprint1.Task4.V20.csproj", "{02B19C82-4633-4889-83CE-AF3B2FD23035}"
EndProject
Global
	GlobalSection(SolutionConfigurationPlatforms) = preSolution
		Debug|Any CPU = Debug|Any CPU
		Release|Any CPU = Release|Any CPU
	EndGlobalSection
	GlobalSection(ProjectConfigurationPlatforms) = postSolution
		{3D2E7DB4-86A3-4F80-9713-3C9C6B3C3061}.Debug|Any CPU.ActiveCfg = Debug|Any CPU
		{3D2E7DB4-86A3-4F80-9713-3C9C6B3C3061}.Debug|Any CPU.Build.0 = Debug|Any CPU
		{3D2E7DB4-86A3-4F80-9713-3C9C6B3C3061}.Release|Any CPU.ActiveCfg = Release|Any CPU
		{3D2E7DB4-86A3-4F80-9713-3C9C6B3C3061}.Release|Any CPU.Build.0 = Release|Any CPU
		{EC7085CE-A3C4-470D-AB65-B13147F60157}.Debug|Any CPU.ActiveCfg = Debug|Any CPU
		{EC7085CE-A3C4-470D-AB65-B13147F60157}.Debug|Any CPU.Build.0 = Debug|Any CPU
		{EC7085CE-A3C4-470D-AB65-B13147F60157}.Release|Any CPU.ActiveCfg = Release|Any CPU
		{EC7085CE-A3C4-470D-AB65-B13147F60157}.Release|Any CPU.Build.0 = Release|Any CPU
		{205CA479-A227-4CAD-9412-CB50C7512E81}.Debug|Any CPU.ActiveCfg = Debug|Any CPU
		{205CA479-A227-4CAD-9412-CB50C7512E81}.Debug|Any CPU.Build.0 = Debug|Any CPU
		{205CA479-A227-4CAD-9412-CB50C7512E81}.Release|Any CPU.ActiveCfg = Release|Any CPU
		{205CA479-A227-4CAD-9412-CB50C7512E81}.Release|Any CPU.Build.0 = Release|Any CPU
		{D20F4839-81D2-491A-8364-304E0BA579AF}.Debug|Any CPU.ActiveCfg = Debug|Any CPU
		{D20F4839-81D2-491A-8364-304E0BA579AF}.Debug|Any CPU.Build.0 = Debug|Any CPU
		{D20F4839-81D2-491A-8364-304E0BA579AF}.Release|Any CPU.ActiveCfg = Release|Any CPU
		{D20F4839-81D2-491A-8364-304E0BA579AF}.Release|Any CPU.Build.0 = Release|Any CPU
		{AC086ADE-F0E8-49C0-BD47-613BDAA58A1A}.Debug|Any CPU.ActiveCfg = Debug|Any CPU
		{AC086ADE-F0E8-49C0-BD47-613BDAA58A1A}.Debug|Any CPU.Build.0 = Debug|Any CPU
		{AC086ADE-F0E8-49C0-BD47-613BDAA58A1A}.Release|Any CPU.ActiveCfg = Release|Any CPU
		{AC086ADE-F0E8-49C0-BD47-613BDAA58A1A}.Release|Any CPU.Build.0 = Release|Any CPU
		{FCBEA461-0E53-4983-8E2F-6292E82EF858}.Debug|Any CPU.ActiveCfg = Debug|Any CPU
		{FCBEA461-0E53-4983-8E2F-6292E82EF858}.Debug|Any CPU.Build.0 = Debug|Any CPU
		{FCBEA461-0E53-4983-8E2F-6292E82EF858}.Release|Any CPU.ActiveCfg = Release|Any CPU
		{FCBEA461-0E53-4983-8E2F-6292E82EF858}.Release|Any CPU.Build.0 = Release|Any CPU
		{86E608DF-512C-4A36-AA07-5D9CE253CC9D}.Debug|Any CPU.ActiveCfg = Debug|Any CPU
		{86E608DF-512C-4A36-AA07-5D9CE253CC9D}.Debug|Any CPU.Build.0 = Debug|Any CPU
		{86E608DF-512C-4A36-AA07-5D9CE253CC9D}.Release|Any CPU.ActiveCfg = Release|Any CPU
		{86E608DF-512C-4A36-AA07-5D9CE253CC9D}.Release|Any CPU.Build.0 = Release|Any CPU
		{21821B0F-46F9-411A-89CC-0D40054CAB1A}.Debug|Any CPU.ActiveCfg = Debug|Any CPU
		{21821B0F-46F9-411A-89CC-0D40054CAB1A}.Debug|Any CPU.Build.0 = Debug|Any CPU
		{21821B0F-46F9-411A-89CC-0D40054CAB1A}.Release|Any CPU.ActiveCfg = Release|Any CPU
		{21821B0F-46F9-411A-89CC-0D40054CAB1A}.Release|Any CPU.Build.0 = Release|Any CPU
		{5451D61F-7858-432A-8C07-BF30E7EC919B}.Debug|Any CPU.ActiveCfg = Debug|Any CPU
		{5451D61F-7858-432A-8C07-BF30E7EC919B}.Debug|Any CPU.Build.0 = Debug|Any CPU
		{5451D61F-7858-432A-8C07-BF30E7EC919B}.Release|Any CPU.ActiveCfg = Release|Any CPU
		{5451D61F-7858-432A-8C07-BF30E7EC919B}.Release|Any CPU.Build.0 = Release|Any CPU
		{AAF01F9A-B767-4A97-BF7C-D1A4FFCBDB7A}.Debug|Any CPU.ActiveCfg = Debug|Any CPU
		{AAF01F9A-B767-4A97-BF7C-D1A4FFCBDB7A}.Debug|Any CPU.Build.0 = Debug|Any CPU
		{AAF01F9A-B767-4A97-BF7C-D1A4FFCBDB7A}.Release|Any CPU.ActiveCfg = Release|Any CPU
		{AAF01F9A-B767-4A97-BF7C-D1A4FFCBDB7A}.Release|Any CPU.Build.0 = Release|Any CPU
		{955A199B-8166-466D-801B-A8EEA6C13A58}.Debug|Any CPU.ActiveCfg = Debug|Any CPU
		{955A199B-8166-466D-801B-A8EEA6C13A58}.Debug|Any CPU.Build.0 = Debug|Any CPU
		{955A199B-8166-466D-801B-A8EEA6C13A58}.Release|Any CPU.ActiveCfg = Release|Any CPU
		{955A199B-8166-466D-801B-A8EEA6C13A58}.Release|Any CPU.Build.0 = Release|Any CPU
		{0AE74543-AB7A-44CA-852B-D09C1B1E0591}.Debug|Any CPU.ActiveCfg = Debug|Any CPU
		{0AE74543-AB7A-44CA-852B-D09C1B1E0591}.Debug|Any CPU.Build.0 = Debug|Any CPU
		{0AE74543-AB7A-44CA-852B-D09C1B1E0591}.Release|Any CPU.ActiveCfg = Release|Any CPU
		{0AE74543-AB7A-44CA-852B-D09C1B1E0591}.Release|Any CPU.Build.0 = Release|Any CPU
		{CE0AFCD2-3154-49AF-8AFD-2425A4471B3F}.Debug|Any CPU.ActiveCfg = Debug|Any CPU
		{CE0AFCD2-3154-49AF-8AFD-2425A4471B3F}.Debug|Any CPU.Build.0 = Debug|Any CPU
		{CE0AFCD2-3154-49AF-8AFD-2425A4471B3F}.Release|Any CPU.ActiveCfg = Release|Any CPU
		{CE0AFCD2-3154-49AF-8AFD-2425A4471B3F}.Release|Any CPU.Build.0 = Release|Any CPU
		{94970E92-C599-4179-943C-EB3911F80EE9}.Debug|Any CPU.ActiveCfg = Debug|Any CPU
		{94970E92-C599-4179-943C-EB3911F80EE9}.Debug|Any CPU.Build.0 = Debug|Any CPU
		{94970E92-C599-4179-943C-EB3911F80EE9}.Release|Any CPU.ActiveCfg = Release|Any CPU
		{94970E92-C599-4179-943C-EB3911F80EE9}.Release|Any CPU.Build.0 = Release|Any CPU
		{02B19C82-4633-4889-83CE-AF3B2FD23035}.Debug|Any CPU.ActiveCfg = Debug|Any CPU
		{02B19C82-4633-4889-83CE-AF3B2FD23035}.Debug|Any CPU.Build.0 = Debug|Any CPU
		{02B19C82-4633-4889-83CE-AF3B2FD23035}.Release|Any CPU.ActiveCfg = Release|Any CPU
		{02B19C82-4633-4889-83CE-AF3B2FD23035}.Release|Any CPU.Build.0 = Release|Any CPU
	EndGlobalSection
	GlobalSection(SolutionProperties) = preSolution
		HideSolutionNode = FALSE
	EndGlobalSection
	GlobalSection(NestedProjects) = preSolution
		{3D2E7DB4-86A3-4F80-9713-3C9C6B3C3061} = {0A72E3A0-902F-4D6E-8CDD-57E81A335878}
		{EC7085CE-A3C4-470D-AB65-B13147F60157} = {0A72E3A0-902F-4D6E-8CDD-57E81A335878}
		{205CA479-A227-4CAD-9412-CB50C7512E81} = {0A72E3A0-902F-4D6E-8CDD-57E81A335878}
		{D20F4839-81D2-491A-8364-304E0BA579AF} = {E3D95BDC-B2A2-4890-B0EC-D4066225546F}
		{AC086ADE-F0E8-49C0-BD47-613BDAA58A1A} = {E3D95BDC-B2A2-4890-B0EC-D4066225546F}
		{FCBEA461-0E53-4983-8E2F-6292E82EF858} = {E3D95BDC-B2A2-4890-B0EC-D4066225546F}
		{86E608DF-512C-4A36-AA07-5D9CE253CC9D} = {ABE09B40-C226-4A0F-A821-5749DF30FCD2}
		{21821B0F-46F9-411A-89CC-0D40054CAB1A} = {ABE09B40-C226-4A0F-A821-5749DF30FCD2}
		{5451D61F-7858-432A-8C07-BF30E7EC919B} = {ABE09B40-C226-4A0F-A821-5749DF30FCD2}
		{AAF01F9A-B767-4A97-BF7C-D1A4FFCBDB7A} = {1D9BA967-5106-4B22-BEDD-A2CAADF1CE0A}
		{955A199B-8166-466D-801B-A8EEA6C13A58} = {1D9BA967-5106-4B22-BEDD-A2CAADF1CE0A}
		{0AE74543-AB7A-44CA-852B-D09C1B1E0591} = {1D9BA967-5106-4B22-BEDD-A2CAADF1CE0A}
		{CE0AFCD2-3154-49AF-8AFD-2425A4471B3F} = {CF16EC22-5A68-4A91-BAD8-1E62AB1EE6FD}
		{94970E92-C599-4179-943C-EB3911F80EE9} = {CF16EC22-5A68-4A91-BAD8-1E62AB1EE6FD}
		{02B19C82-4633-4889-83CE-AF3B2FD23035} = {CF16EC22-5A68-4A91-BAD8-1E62AB1EE6FD}
	EndGlobalSection
	GlobalSection(ExtensibilityGlobals) = postSolution
		SolutionGuid = {1471D749-1116-468A-8A10-8837240F9620}
	EndGlobalSection
EndGlobal
